
Microsoft Visual Studio Solution File, Format Version 12.00
# Visual Studio Version 16
VisualStudioVersion = 16.0.29326.143
MinimumVisualStudioVersion = 10.0.40219.1
Project("{2150E333-8FDC-42A3-9474-1A3956D46DE8}") = "Samples", "Samples", "{6F5E7360-7A80-411F-BBC7-7321406261F4}"
EndProject
Project("{FAE04EC0-301F-11D3-BF4B-00C04F79EFBC}") = "WpfSample", "Samples\WpfSample\WpfSample.csproj", "{6F5153E2-680E-4E9B-B0DA-F0267525CDA5}"
EndProject
Global
	GlobalSection(SolutionConfigurationPlatforms) = preSolution
		Debug|Any CPU = Debug|Any CPU
		Release|Any CPU = Release|Any CPU
	EndGlobalSection
	GlobalSection(ProjectConfigurationPlatforms) = postSolution
		{6F5153E2-680E-4E9B-B0DA-F0267525CDA5}.Debug|Any CPU.ActiveCfg = Debug|Any CPU
		{6F5153E2-680E-4E9B-B0DA-F0267525CDA5}.Debug|Any CPU.Build.0 = Debug|Any CPU
		{6F5153E2-680E-4E9B-B0DA-F0267525CDA5}.Release|Any CPU.ActiveCfg = Release|Any CPU
		{6F5153E2-680E-4E9B-B0DA-F0267525CDA5}.Release|Any CPU.Build.0 = Release|Any CPU
	EndGlobalSection
	GlobalSection(SolutionProperties) = preSolution
		HideSolutionNode = FALSE
	EndGlobalSection
	GlobalSection(NestedProjects) = preSolution
		{6F5153E2-680E-4E9B-B0DA-F0267525CDA5} = {6F5E7360-7A80-411F-BBC7-7321406261F4}
	EndGlobalSection
	GlobalSection(ExtensibilityGlobals) = postSolution
		SolutionGuid = {290A4744-A111-416D-BFAE-55B317A24EA4}
	EndGlobalSection
EndGlobal
